
Microsoft Visual Studio Solution File, Format Version 12.00
# Visual Studio Version 17
VisualStudioVersion = 17.0.31903.59
MinimumVisualStudioVersion = 10.0.40219.1
Project("{FAE04EC0-301F-11D3-BF4B-00C04F79EFBC}") = "Domain", "Domain\Domain.csproj", "{FD9184BA-2677-4662-82D7-F62C55AF162E}"
EndProject
Project("{FAE04EC0-301F-11D3-BF4B-00C04F79EFBC}") = "Application", "Application\Application.csproj", "{E363280E-ACE7-466F-85CE-E804ACB479E0}"
EndProject
Project("{FAE04EC0-301F-11D3-BF4B-00C04F79EFBC}") = "Infrastructure", "Infrastructure\Infrastructure.csproj", "{0664699A-B241-4E7A-B77F-CCF551412E6B}"
EndProject
Project("{FAE04EC0-301F-11D3-BF4B-00C04F79EFBC}") = "WebAPI", "WebAPI\WebAPI.csproj", "{160FD08A-D3B7-4CA8-8E98-3C88956B85FD}"
EndProject
Global
	GlobalSection(SolutionConfigurationPlatforms) = preSolution
		Debug|Any CPU = Debug|Any CPU
		Debug|x64 = Debug|x64
		Debug|x86 = Debug|x86
		Release|Any CPU = Release|Any CPU
		Release|x64 = Release|x64
		Release|x86 = Release|x86
	EndGlobalSection
	GlobalSection(ProjectConfigurationPlatforms) = postSolution
		{FD9184BA-2677-4662-82D7-F62C55AF162E}.Debug|Any CPU.ActiveCfg = Debug|Any CPU
		{FD9184BA-2677-4662-82D7-F62C55AF162E}.Debug|Any CPU.Build.0 = Debug|Any CPU
		{FD9184BA-2677-4662-82D7-F62C55AF162E}.Debug|x64.ActiveCfg = Debug|Any CPU
		{FD9184BA-2677-4662-82D7-F62C55AF162E}.Debug|x64.Build.0 = Debug|Any CPU
		{FD9184BA-2677-4662-82D7-F62C55AF162E}.Debug|x86.ActiveCfg = Debug|Any CPU
		{FD9184BA-2677-4662-82D7-F62C55AF162E}.Debug|x86.Build.0 = Debug|Any CPU
		{FD9184BA-2677-4662-82D7-F62C55AF162E}.Release|Any CPU.ActiveCfg = Release|Any CPU
		{FD9184BA-2677-4662-82D7-F62C55AF162E}.Release|Any CPU.Build.0 = Release|Any CPU
		{FD9184BA-2677-4662-82D7-F62C55AF162E}.Release|x64.ActiveCfg = Release|Any CPU
		{FD9184BA-2677-4662-82D7-F62C55AF162E}.Release|x64.Build.0 = Release|Any CPU
		{FD9184BA-2677-4662-82D7-F62C55AF162E}.Release|x86.ActiveCfg = Release|Any CPU
		{FD9184BA-2677-4662-82D7-F62C55AF162E}.Release|x86.Build.0 = Release|Any CPU
		{E363280E-ACE7-466F-85CE-E804ACB479E0}.Debug|Any CPU.ActiveCfg = Debug|Any CPU
		{E363280E-ACE7-466F-85CE-E804ACB479E0}.Debug|Any CPU.Build.0 = Debug|Any CPU
		{E363280E-ACE7-466F-85CE-E804ACB479E0}.Debug|x64.ActiveCfg = Debug|Any CPU
		{E363280E-ACE7-466F-85CE-E804ACB479E0}.Debug|x64.Build.0 = Debug|Any CPU
		{E363280E-ACE7-466F-85CE-E804ACB479E0}.Debug|x86.ActiveCfg = Debug|Any CPU
		{E363280E-ACE7-466F-85CE-E804ACB479E0}.Debug|x86.Build.0 = Debug|Any CPU
		{E363280E-ACE7-466F-85CE-E804ACB479E0}.Release|Any CPU.ActiveCfg = Release|Any CPU
		{E363280E-ACE7-466F-85CE-E804ACB479E0}.Release|Any CPU.Build.0 = Release|Any CPU
		{E363280E-ACE7-466F-85CE-E804ACB479E0}.Release|x64.ActiveCfg = Release|Any CPU
		{E363280E-ACE7-466F-85CE-E804ACB479E0}.Release|x64.Build.0 = Release|Any CPU
		{E363280E-ACE7-466F-85CE-E804ACB479E0}.Release|x86.ActiveCfg = Release|Any CPU
		{E363280E-ACE7-466F-85CE-E804ACB479E0}.Release|x86.Build.0 = Release|Any CPU
		{0664699A-B241-4E7A-B77F-CCF551412E6B}.Debug|Any CPU.ActiveCfg = Debug|Any CPU
		{0664699A-B241-4E7A-B77F-CCF551412E6B}.Debug|Any CPU.Build.0 = Debug|Any CPU
		{0664699A-B241-4E7A-B77F-CCF551412E6B}.Debug|x64.ActiveCfg = Debug|Any CPU
		{0664699A-B241-4E7A-B77F-CCF551412E6B}.Debug|x64.Build.0 = Debug|Any CPU
		{0664699A-B241-4E7A-B77F-CCF551412E6B}.Debug|x86.ActiveCfg = Debug|Any CPU
		{0664699A-B241-4E7A-B77F-CCF551412E6B}.Debug|x86.Build.0 = Debug|Any CPU
		{0664699A-B241-4E7A-B77F-CCF551412E6B}.Release|Any CPU.ActiveCfg = Release|Any CPU
		{0664699A-B241-4E7A-B77F-CCF551412E6B}.Release|Any CPU.Build.0 = Release|Any CPU
		{0664699A-B241-4E7A-B77F-CCF551412E6B}.Release|x64.ActiveCfg = Release|Any CPU
		{0664699A-B241-4E7A-B77F-CCF551412E6B}.Release|x64.Build.0 = Release|Any CPU
		{0664699A-B241-4E7A-B77F-CCF551412E6B}.Release|x86.ActiveCfg = Release|Any CPU
		{0664699A-B241-4E7A-B77F-CCF551412E6B}.Release|x86.Build.0 = Release|Any CPU
		{160FD08A-D3B7-4CA8-8E98-3C88956B85FD}.Debug|Any CPU.ActiveCfg = Debug|Any CPU
		{160FD08A-D3B7-4CA8-8E98-3C88956B85FD}.Debug|Any CPU.Build.0 = Debug|Any CPU
		{160FD08A-D3B7-4CA8-8E98-3C88956B85FD}.Debug|x64.ActiveCfg = Debug|Any CPU
		{160FD08A-D3B7-4CA8-8E98-3C88956B85FD}.Debug|x64.Build.0 = Debug|Any CPU
		{160FD08A-D3B7-4CA8-8E98-3C88956B85FD}.Debug|x86.ActiveCfg = Debug|Any CPU
		{160FD08A-D3B7-4CA8-8E98-3C88956B85FD}.Debug|x86.Build.0 = Debug|Any CPU
		{160FD08A-D3B7-4CA8-8E98-3C88956B85FD}.Release|Any CPU.ActiveCfg = Release|Any CPU
		{160FD08A-D3B7-4CA8-8E98-3C88956B85FD}.Release|Any CPU.Build.0 = Release|Any CPU
		{160FD08A-D3B7-4CA8-8E98-3C88956B85FD}.Release|x64.ActiveCfg = Release|Any CPU
		{160FD08A-D3B7-4CA8-8E98-3C88956B85FD}.Release|x64.Build.0 = Release|Any CPU
		{160FD08A-D3B7-4CA8-8E98-3C88956B85FD}.Release|x86.ActiveCfg = Release|Any CPU
		{160FD08A-D3B7-4CA8-8E98-3C88956B85FD}.Release|x86.Build.0 = Release|Any CPU
	EndGlobalSection
	GlobalSection(SolutionProperties) = preSolution
		HideSolutionNode = FALSE
	EndGlobalSection
EndGlobal
